<?xml version="1.0" encoding="UTF-8" standalone="yes" ?>
<CodeBlocks_project_file>
	<FileVersion major="1" minor="6" />
	<Project>
		<Option title="SWCU2" />
		<Option pch_mode="2" />
		<Option compiler="gcc" />
		<Build>
			<Target title="Debug">
				<Option output="../samp03/plugins/SWCU2" imp_lib="$(TARGET_OUTPUT_DIR)$(TARGET_OUTPUT_BASENAME).a" def_file="EXPORTS.def" prefix_auto="1" extension_auto="1" />
				<Option object_output="Obj/Debug/" />
				<Option type="3" />
				<Option compiler="gcc" />
				<Option createDefFile="1" />
				<Compiler>
					<Add option="-g" />
				</Compiler>
			</Target>
			<Target title="Release">
				<Option output="../samp03/plugins/SWCU2" imp_lib="$(TARGET_OUTPUT_DIR)$(TARGET_OUTPUT_BASENAME).a" def_file="$(TARGET_OUTPUT_DIR)$(TARGET_OUTPUT_BASENAME).def" prefix_auto="1" extension_auto="1" />
				<Option object_output="Obj/Release/" />
				<Option type="3" />
				<Option compiler="gcc" />
				<Compiler>
					<Add option="-O2" />
				</Compiler>
				<Linker>
					<Add option="-s" />
				</Linker>
			</Target>
		</Build>
		<Compiler>
			<Add option="-pedantic" />
			<Add option="-Wextra" />
			<Add option="-Wall" />
			<Add option="-m32" />
			<Add option="-fPIC" />
			<Add option="-std=c++14" />
		</Compiler>
		<Linker>
			<Add option="-m32" />
			<Add option="-lsampgdk" />
			<Add option="-pthread" />
			<Add option="-lmongoclient" />
			<Add option="-lboost_thread" />
			<Add option="-lboost_filesystem" />
			<Add option="-lboost_program_options" />
			<Add option="-lboost_system" />
			<Add option="-lboost_chrono" />
		</Linker>
		<Unit filename="Area/Area.cpp" />
		<Unit filename="Area/Area.hpp" />
		<Unit filename="Area/AreaManager.cpp" />
		<Unit filename="Area/AreaManager.hpp" />
		<Unit filename="Common/Common.cpp" />
		<Unit filename="Common/Common.hpp" />
		<Unit filename="Common/Internal/Config.cpp" />
		<Unit filename="Common/Internal/Config.hpp" />
		<Unit filename="Common/Internal/EncodingUtility.cpp" />
		<Unit filename="Common/Internal/EncodingUtility.hpp" />
		<Unit filename="Common/Internal/LoggerInit.cpp" />
		<Unit filename="Common/Internal/StringFuncUtil.cpp" />
		<Unit filename="Common/Internal/StringFuncUtil.hpp" />
		<Unit filename="Common/Internal/easylogging++.h" />
		<Unit filename="Common/Internal/sha1.cpp" />
		<Unit filename="Common/Internal/sha1.h" />
		<Unit filename="Crew/Crew.cpp" />
		<Unit filename="Crew/Crew.hpp" />
		<Unit filename="Crew/CrewManager.cpp" />
		<Unit filename="Crew/CrewManager.hpp" />
		<Unit filename="GangZone/GangZone.cpp" />
		<Unit filename="GangZone/GangZone.hpp" />
		<Unit filename="GangZone/GangZoneManager.cpp" />
		<Unit filename="GangZone/GangZoneManager.hpp" />
		<Unit filename="House/House.hpp" />
		<Unit filename="Interface/CommandManager.cpp" />
		<Unit filename="Interface/CommandManager.hpp" />
		<Unit filename="Interface/Dialog.cpp" />
		<Unit filename="Interface/Dialog.hpp" />
		<Unit filename="Interface/DialogManager.cpp" />
		<Unit filename="Interface/DialogManager.hpp" />
		<Unit filename="Map/Items.cpp" />
		<Unit filename="Map/Items.hpp" />
		<Unit filename="Map/Map.cpp" />
		<Unit filename="Map/Map.hpp" />
		<Unit filename="Map/MapDialogs.cpp" />
		<Unit filename="Map/MapDialogs.hpp" />
		<Unit filename="Map/MapManager.cpp" />
		<Unit filename="Map/MapManager.hpp" />
		<Unit filename="Migration/Migration.cpp" />
		<Unit filename="Migration/Migration.hpp" />
		<Unit filename="Player/Player.cpp" />
		<Unit filename="Player/Player.hpp" />
		<Unit filename="Player/PlayerColors.cpp" />
		<Unit filename="Player/PlayerColors.hpp" />
		<Unit filename="Player/PlayerCommands.cpp" />
		<Unit filename="Player/PlayerCommands.hpp" />
		<Unit filename="Player/PlayerDialogs.cpp" />
		<Unit filename="Player/PlayerDialogs.hpp" />
		<Unit filename="Player/PlayerManager.cpp" />
		<Unit filename="Player/PlayerManager.hpp" />
		<Unit filename="SAMP/Server.cpp" />
		<Unit filename="SAMP/TestDialog.hpp" />
		<Unit filename="Streamer/Internal/src/callbacks.cpp" />
		<Unit filename="Streamer/Internal/src/callbacks.hpp" />
		<Unit filename="Streamer/Internal/src/cell.cpp" />
		<Unit filename="Streamer/Internal/src/cell.h" />
		<Unit filename="Streamer/Internal/src/common.h" />
		<Unit filename="Streamer/Internal/src/core.cpp" />
		<Unit filename="Streamer/Internal/src/core.h" />
		<Unit filename="Streamer/Internal/src/data.cpp" />
		<Unit filename="Streamer/Internal/src/data.h" />
		<Unit filename="Streamer/Internal/src/grid.cpp" />
		<Unit filename="Streamer/Internal/src/grid.h" />
		<Unit filename="Streamer/Internal/src/identifier.cpp" />
		<Unit filename="Streamer/Internal/src/identifier.h" />
		<Unit filename="Streamer/Internal/src/item.cpp" />
		<Unit filename="Streamer/Internal/src/item.h" />
		<Unit filename="Streamer/Internal/src/main.cpp" />
		<Unit filename="Streamer/Internal/src/main.h" />
		<Unit filename="Streamer/Internal/src/natives.h" />
		<Unit filename="Streamer/Internal/src/natives/areas.cpp" />
		<Unit filename="Streamer/Internal/src/natives/checkpoints.cpp" />
		<Unit filename="Streamer/Internal/src/natives/map-icons.cpp" />
		<Unit filename="Streamer/Internal/src/natives/objects.cpp" />
		<Unit filename="Streamer/Internal/src/natives/pickups.cpp" />
		<Unit filename="Streamer/Internal/src/natives/race-checkpoints.cpp" />
		<Unit filename="Streamer/Internal/src/natives/settings.cpp" />
		<Unit filename="Streamer/Internal/src/natives/text-labels.cpp" />
		<Unit filename="Streamer/Internal/src/natives/updates.cpp" />
		<Unit filename="Streamer/Internal/src/player.cpp" />
		<Unit filename="Streamer/Internal/src/player.h" />
		<Unit filename="Streamer/Internal/src/streamer.cpp" />
		<Unit filename="Streamer/Internal/src/streamer.h" />
		<Unit filename="Streamer/Internal/src/utility.cpp" />
		<Unit filename="Streamer/Internal/src/utility.h" />
		<Unit filename="Streamer/Streamer.hpp" />
		<Unit filename="Utility/Singleton.hpp" />
		<Unit filename="Weapon/WeaponShopDialog.cpp" />
		<Unit filename="Weapon/WeaponShopDialog.hpp" />
		<Unit filename="Web/WebServiceManager.cpp" />
		<Unit filename="Web/WebServiceManager.hpp" />
		<Unit filename="Web/server_http.hpp" />
		<Extensions>
			<code_completion />
			<debugger />
		</Extensions>
	</Project>
</CodeBlocks_project_file>
